
Microsoft Visual Studio Solution File, Format Version 12.00
# Visual Studio Version 16
VisualStudioVersion = 16.0.29519.87
MinimumVisualStudioVersion = 10.0.40219.1
Project("{FAE04EC0-301F-11D3-BF4B-00C04F79EFBC}") = "EstadisticaDeAlumnos3_WPF_Core", "EstadisticaDeAlumnos3_WPF_Core\EstadisticaDeAlumnos3_WPF_Core.csproj", "{2C687767-D8DC-4DDE-9719-6888D3C8EEE9}"
EndProject
Project("{FAE04EC0-301F-11D3-BF4B-00C04F79EFBC}") = "Common.Lib", "Common.Lib\Common.Lib.csproj", "{86003267-4C6D-4C5F-9E3A-70339FF796E7}"
EndProject
Project("{FAE04EC0-301F-11D3-BF4B-00C04F79EFBC}") = "Common.Lib.DAL.EFCore", "Common.Lib.DAL.EFCore\Common.Lib.DAL.EFCore.csproj", "{CD81B0C3-F501-47FD-9F93-C0115DBEE55F}"
EndProject
Global
	GlobalSection(SolutionConfigurationPlatforms) = preSolution
		Debug|Any CPU = Debug|Any CPU
		Release|Any CPU = Release|Any CPU
	EndGlobalSection
	GlobalSection(ProjectConfigurationPlatforms) = postSolution
		{2C687767-D8DC-4DDE-9719-6888D3C8EEE9}.Debug|Any CPU.ActiveCfg = Debug|Any CPU
		{2C687767-D8DC-4DDE-9719-6888D3C8EEE9}.Debug|Any CPU.Build.0 = Debug|Any CPU
		{2C687767-D8DC-4DDE-9719-6888D3C8EEE9}.Release|Any CPU.ActiveCfg = Release|Any CPU
		{2C687767-D8DC-4DDE-9719-6888D3C8EEE9}.Release|Any CPU.Build.0 = Release|Any CPU
		{86003267-4C6D-4C5F-9E3A-70339FF796E7}.Debug|Any CPU.ActiveCfg = Debug|Any CPU
		{86003267-4C6D-4C5F-9E3A-70339FF796E7}.Debug|Any CPU.Build.0 = Debug|Any CPU
		{86003267-4C6D-4C5F-9E3A-70339FF796E7}.Release|Any CPU.ActiveCfg = Release|Any CPU
		{86003267-4C6D-4C5F-9E3A-70339FF796E7}.Release|Any CPU.Build.0 = Release|Any CPU
		{CD81B0C3-F501-47FD-9F93-C0115DBEE55F}.Debug|Any CPU.ActiveCfg = Debug|Any CPU
		{CD81B0C3-F501-47FD-9F93-C0115DBEE55F}.Debug|Any CPU.Build.0 = Debug|Any CPU
		{CD81B0C3-F501-47FD-9F93-C0115DBEE55F}.Release|Any CPU.ActiveCfg = Release|Any CPU
		{CD81B0C3-F501-47FD-9F93-C0115DBEE55F}.Release|Any CPU.Build.0 = Release|Any CPU
	EndGlobalSection
	GlobalSection(SolutionProperties) = preSolution
		HideSolutionNode = FALSE
	EndGlobalSection
	GlobalSection(ExtensibilityGlobals) = postSolution
		SolutionGuid = {66A94528-2D9A-4291-8DE9-5478B6E29C78}
	EndGlobalSection
EndGlobal
